
Microsoft Visual Studio Solution File, Format Version 12.00
# Visual Studio 15
VisualStudioVersion = 15.0.28307.438
MinimumVisualStudioVersion = 10.0.40219.1
Project("{8BC9CEB8-8B4A-11D0-8D11-00A0C91BC942}") = "最大第k大元素", "最大第k大元素\最大第k大元素.vcxproj", "{CBECBD6C-F13F-445F-A472-AE1C588240C1}"
EndProject
Global
	GlobalSection(SolutionConfigurationPlatforms) = preSolution
		Debug|x64 = Debug|x64
		Debug|x86 = Debug|x86
		Release|x64 = Release|x64
		Release|x86 = Release|x86
	EndGlobalSection
	GlobalSection(ProjectConfigurationPlatforms) = postSolution
		{CBECBD6C-F13F-445F-A472-AE1C588240C1}.Debug|x64.ActiveCfg = Debug|x64
		{CBECBD6C-F13F-445F-A472-AE1C588240C1}.Debug|x64.Build.0 = Debug|x64
		{CBECBD6C-F13F-445F-A472-AE1C588240C1}.Debug|x86.ActiveCfg = Debug|Win32
		{CBECBD6C-F13F-445F-A472-AE1C588240C1}.Debug|x86.Build.0 = Debug|Win32
		{CBECBD6C-F13F-445F-A472-AE1C588240C1}.Release|x64.ActiveCfg = Release|x64
		{CBECBD6C-F13F-445F-A472-AE1C588240C1}.Release|x64.Build.0 = Release|x64
		{CBECBD6C-F13F-445F-A472-AE1C588240C1}.Release|x86.ActiveCfg = Release|Win32
		{CBECBD6C-F13F-445F-A472-AE1C588240C1}.Release|x86.Build.0 = Release|Win32
	EndGlobalSection
	GlobalSection(SolutionProperties) = preSolution
		HideSolutionNode = FALSE
	EndGlobalSection
	GlobalSection(ExtensibilityGlobals) = postSolution
		SolutionGuid = {FBCABED3-BB12-4503-9AC2-18A7DB839278}
	EndGlobalSection
EndGlobal
