
Microsoft Visual Studio Solution File, Format Version 12.00
# Visual Studio 15
VisualStudioVersion = 15.0.28307.438
MinimumVisualStudioVersion = 10.0.40219.1
Project("{8BC9CEB8-8B4A-11D0-8D11-00A0C91BC942}") = "3.2", "3.2\3.2.vcxproj", "{6E12D7B1-FB42-4A03-8BE3-278C9A01165C}"
EndProject
Global
	GlobalSection(SolutionConfigurationPlatforms) = preSolution
		Debug|x64 = Debug|x64
		Debug|x86 = Debug|x86
		Release|x64 = Release|x64
		Release|x86 = Release|x86
	EndGlobalSection
	GlobalSection(ProjectConfigurationPlatforms) = postSolution
		{6E12D7B1-FB42-4A03-8BE3-278C9A01165C}.Debug|x64.ActiveCfg = Debug|x64
		{6E12D7B1-FB42-4A03-8BE3-278C9A01165C}.Debug|x64.Build.0 = Debug|x64
		{6E12D7B1-FB42-4A03-8BE3-278C9A01165C}.Debug|x86.ActiveCfg = Debug|Win32
		{6E12D7B1-FB42-4A03-8BE3-278C9A01165C}.Debug|x86.Build.0 = Debug|Win32
		{6E12D7B1-FB42-4A03-8BE3-278C9A01165C}.Release|x64.ActiveCfg = Release|x64
		{6E12D7B1-FB42-4A03-8BE3-278C9A01165C}.Release|x64.Build.0 = Release|x64
		{6E12D7B1-FB42-4A03-8BE3-278C9A01165C}.Release|x86.ActiveCfg = Release|Win32
		{6E12D7B1-FB42-4A03-8BE3-278C9A01165C}.Release|x86.Build.0 = Release|Win32
	EndGlobalSection
	GlobalSection(SolutionProperties) = preSolution
		HideSolutionNode = FALSE
	EndGlobalSection
	GlobalSection(ExtensibilityGlobals) = postSolution
		SolutionGuid = {0D874EA2-7E66-4E7C-AAF7-856025407BF7}
	EndGlobalSection
EndGlobal
