
Microsoft Visual Studio Solution File, Format Version 12.00
# Visual Studio 15
VisualStudioVersion = 15.0.28307.438
MinimumVisualStudioVersion = 10.0.40219.1
Project("{8BC9CEB8-8B4A-11D0-8D11-00A0C91BC942}") = "output", "output\output.vcxproj", "{CCCDEAFF-636B-48F9-83B3-26DA78F1DBBC}"
EndProject
Global
	GlobalSection(SolutionConfigurationPlatforms) = preSolution
		Debug|x64 = Debug|x64
		Debug|x86 = Debug|x86
		Release|x64 = Release|x64
		Release|x86 = Release|x86
	EndGlobalSection
	GlobalSection(ProjectConfigurationPlatforms) = postSolution
		{CCCDEAFF-636B-48F9-83B3-26DA78F1DBBC}.Debug|x64.ActiveCfg = Debug|x64
		{CCCDEAFF-636B-48F9-83B3-26DA78F1DBBC}.Debug|x64.Build.0 = Debug|x64
		{CCCDEAFF-636B-48F9-83B3-26DA78F1DBBC}.Debug|x86.ActiveCfg = Debug|Win32
		{CCCDEAFF-636B-48F9-83B3-26DA78F1DBBC}.Debug|x86.Build.0 = Debug|Win32
		{CCCDEAFF-636B-48F9-83B3-26DA78F1DBBC}.Release|x64.ActiveCfg = Release|x64
		{CCCDEAFF-636B-48F9-83B3-26DA78F1DBBC}.Release|x64.Build.0 = Release|x64
		{CCCDEAFF-636B-48F9-83B3-26DA78F1DBBC}.Release|x86.ActiveCfg = Release|Win32
		{CCCDEAFF-636B-48F9-83B3-26DA78F1DBBC}.Release|x86.Build.0 = Release|Win32
	EndGlobalSection
	GlobalSection(SolutionProperties) = preSolution
		HideSolutionNode = FALSE
	EndGlobalSection
	GlobalSection(ExtensibilityGlobals) = postSolution
		SolutionGuid = {65D075E3-1674-48E4-8927-5A7C74EDE213}
	EndGlobalSection
EndGlobal
