
Microsoft Visual Studio Solution File, Format Version 12.00
# Visual Studio 15
VisualStudioVersion = 15.0.28307.438
MinimumVisualStudioVersion = 10.0.40219.1
Project("{8BC9CEB8-8B4A-11D0-8D11-00A0C91BC942}") = "正月初二", "正月初二\正月初二.vcxproj", "{AA4E2C46-CDB8-444C-A8C6-782E726CA910}"
EndProject
Global
	GlobalSection(SolutionConfigurationPlatforms) = preSolution
		Debug|x64 = Debug|x64
		Debug|x86 = Debug|x86
		Release|x64 = Release|x64
		Release|x86 = Release|x86
	EndGlobalSection
	GlobalSection(ProjectConfigurationPlatforms) = postSolution
		{AA4E2C46-CDB8-444C-A8C6-782E726CA910}.Debug|x64.ActiveCfg = Debug|x64
		{AA4E2C46-CDB8-444C-A8C6-782E726CA910}.Debug|x64.Build.0 = Debug|x64
		{AA4E2C46-CDB8-444C-A8C6-782E726CA910}.Debug|x86.ActiveCfg = Debug|Win32
		{AA4E2C46-CDB8-444C-A8C6-782E726CA910}.Debug|x86.Build.0 = Debug|Win32
		{AA4E2C46-CDB8-444C-A8C6-782E726CA910}.Release|x64.ActiveCfg = Release|x64
		{AA4E2C46-CDB8-444C-A8C6-782E726CA910}.Release|x64.Build.0 = Release|x64
		{AA4E2C46-CDB8-444C-A8C6-782E726CA910}.Release|x86.ActiveCfg = Release|Win32
		{AA4E2C46-CDB8-444C-A8C6-782E726CA910}.Release|x86.Build.0 = Release|Win32
	EndGlobalSection
	GlobalSection(SolutionProperties) = preSolution
		HideSolutionNode = FALSE
	EndGlobalSection
	GlobalSection(ExtensibilityGlobals) = postSolution
		SolutionGuid = {04BED3BA-B591-4E48-9FB4-5CFB6BF0F70C}
	EndGlobalSection
EndGlobal
