
Microsoft Visual Studio Solution File, Format Version 12.00
# Visual Studio 15
VisualStudioVersion = 15.0.28307.438
MinimumVisualStudioVersion = 10.0.40219.1
Project("{8BC9CEB8-8B4A-11D0-8D11-00A0C91BC942}") = "找出一组数所有的子集", "找出一组数所有的子集\找出一组数所有的子集.vcxproj", "{F17F085F-02A0-4533-9954-F1AB903FEC0F}"
EndProject
Global
	GlobalSection(SolutionConfigurationPlatforms) = preSolution
		Debug|x64 = Debug|x64
		Debug|x86 = Debug|x86
		Release|x64 = Release|x64
		Release|x86 = Release|x86
	EndGlobalSection
	GlobalSection(ProjectConfigurationPlatforms) = postSolution
		{F17F085F-02A0-4533-9954-F1AB903FEC0F}.Debug|x64.ActiveCfg = Debug|x64
		{F17F085F-02A0-4533-9954-F1AB903FEC0F}.Debug|x64.Build.0 = Debug|x64
		{F17F085F-02A0-4533-9954-F1AB903FEC0F}.Debug|x86.ActiveCfg = Debug|Win32
		{F17F085F-02A0-4533-9954-F1AB903FEC0F}.Debug|x86.Build.0 = Debug|Win32
		{F17F085F-02A0-4533-9954-F1AB903FEC0F}.Release|x64.ActiveCfg = Release|x64
		{F17F085F-02A0-4533-9954-F1AB903FEC0F}.Release|x64.Build.0 = Release|x64
		{F17F085F-02A0-4533-9954-F1AB903FEC0F}.Release|x86.ActiveCfg = Release|Win32
		{F17F085F-02A0-4533-9954-F1AB903FEC0F}.Release|x86.Build.0 = Release|Win32
	EndGlobalSection
	GlobalSection(SolutionProperties) = preSolution
		HideSolutionNode = FALSE
	EndGlobalSection
	GlobalSection(ExtensibilityGlobals) = postSolution
		SolutionGuid = {49EC8A3C-CC94-4ABB-A12D-6A8D89C48F69}
	EndGlobalSection
EndGlobal
