
Microsoft Visual Studio Solution File, Format Version 12.00
# Visual Studio 15
VisualStudioVersion = 15.0.28307.438
MinimumVisualStudioVersion = 10.0.40219.1
Project("{8BC9CEB8-8B4A-11D0-8D11-00A0C91BC942}") = "密码解密", "密码解密\密码解密.vcxproj", "{D90D6A0D-0F07-4DC3-8C47-84B47734EE6D}"
EndProject
Global
	GlobalSection(SolutionConfigurationPlatforms) = preSolution
		Debug|x64 = Debug|x64
		Debug|x86 = Debug|x86
		Release|x64 = Release|x64
		Release|x86 = Release|x86
	EndGlobalSection
	GlobalSection(ProjectConfigurationPlatforms) = postSolution
		{D90D6A0D-0F07-4DC3-8C47-84B47734EE6D}.Debug|x64.ActiveCfg = Debug|x64
		{D90D6A0D-0F07-4DC3-8C47-84B47734EE6D}.Debug|x64.Build.0 = Debug|x64
		{D90D6A0D-0F07-4DC3-8C47-84B47734EE6D}.Debug|x86.ActiveCfg = Debug|Win32
		{D90D6A0D-0F07-4DC3-8C47-84B47734EE6D}.Debug|x86.Build.0 = Debug|Win32
		{D90D6A0D-0F07-4DC3-8C47-84B47734EE6D}.Release|x64.ActiveCfg = Release|x64
		{D90D6A0D-0F07-4DC3-8C47-84B47734EE6D}.Release|x64.Build.0 = Release|x64
		{D90D6A0D-0F07-4DC3-8C47-84B47734EE6D}.Release|x86.ActiveCfg = Release|Win32
		{D90D6A0D-0F07-4DC3-8C47-84B47734EE6D}.Release|x86.Build.0 = Release|Win32
	EndGlobalSection
	GlobalSection(SolutionProperties) = preSolution
		HideSolutionNode = FALSE
	EndGlobalSection
	GlobalSection(ExtensibilityGlobals) = postSolution
		SolutionGuid = {A19DA6B9-2659-4EDD-BCD4-B5DD5DAC767E}
	EndGlobalSection
EndGlobal
